
Microsoft Visual Studio Solution File, Format Version 12.00
# Visual Studio Version 17
VisualStudioVersion = 17.3.32929.385
MinimumVisualStudioVersion = 10.0.40219.1
Project("{FAE04EC0-301F-11D3-BF4B-00C04F79EFBC}") = "Reppair_App", "Reppair_App\Reppair_App.csproj", "{D999D628-8691-4F06-A242-2BE8371D4789}"
EndProject
Global
	GlobalSection(SolutionConfigurationPlatforms) = preSolution
		Debug|Any CPU = Debug|Any CPU
		Release|Any CPU = Release|Any CPU
	EndGlobalSection
	GlobalSection(ProjectConfigurationPlatforms) = postSolution
		{D999D628-8691-4F06-A242-2BE8371D4789}.Debug|Any CPU.ActiveCfg = Debug|Any CPU
		{D999D628-8691-4F06-A242-2BE8371D4789}.Debug|Any CPU.Build.0 = Debug|Any CPU
		{D999D628-8691-4F06-A242-2BE8371D4789}.Release|Any CPU.ActiveCfg = Release|Any CPU
		{D999D628-8691-4F06-A242-2BE8371D4789}.Release|Any CPU.Build.0 = Release|Any CPU
	EndGlobalSection
	GlobalSection(SolutionProperties) = preSolution
		HideSolutionNode = FALSE
	EndGlobalSection
	GlobalSection(ExtensibilityGlobals) = postSolution
		SolutionGuid = {8DFDA59A-2B69-46A4-A364-248A7EAC41F0}
	EndGlobalSection
EndGlobal
